
Microsoft Visual Studio Solution File, Format Version 12.00
# Visual Studio Version 16
VisualStudioVersion = 16.0.31005.135
MinimumVisualStudioVersion = 10.0.40219.1
Project("{FAE04EC0-301F-11D3-BF4B-00C04F79EFBC}") = "ODataIssue2422", "ODataIssue2422\ODataIssue2422.csproj", "{AB475DBD-EB4F-4087-A0E9-507475286F4C}"
EndProject
Global
	GlobalSection(SolutionConfigurationPlatforms) = preSolution
		Debug|Any CPU = Debug|Any CPU
		Release|Any CPU = Release|Any CPU
	EndGlobalSection
	GlobalSection(ProjectConfigurationPlatforms) = postSolution
		{AB475DBD-EB4F-4087-A0E9-507475286F4C}.Debug|Any CPU.ActiveCfg = Debug|Any CPU
		{AB475DBD-EB4F-4087-A0E9-507475286F4C}.Debug|Any CPU.Build.0 = Debug|Any CPU
		{AB475DBD-EB4F-4087-A0E9-507475286F4C}.Release|Any CPU.ActiveCfg = Release|Any CPU
		{AB475DBD-EB4F-4087-A0E9-507475286F4C}.Release|Any CPU.Build.0 = Release|Any CPU
	EndGlobalSection
	GlobalSection(SolutionProperties) = preSolution
		HideSolutionNode = FALSE
	EndGlobalSection
	GlobalSection(ExtensibilityGlobals) = postSolution
		SolutionGuid = {D069C64B-DEC0-42F6-8D4F-6476A6666C09}
	EndGlobalSection
EndGlobal
